
Microsoft Visual Studio Solution File, Format Version 12.00
# Visual Studio Version 17
VisualStudioVersion = 17.0.31903.59
MinimumVisualStudioVersion = 10.0.40219.1
Project("{2150E333-8FDC-42A3-9474-1A3956D46DE8}") = "Benchmarks.Kni", "Benchmarks.Kni", "{D486740F-9D43-1302-7714-FBED9D3B8F81}"
EndProject
Project("{FAE04EC0-301F-11D3-BF4B-00C04F79EFBC}") = "Benchmarks.Kni.net10", "Benchmarks.Kni\Benchmarks.Kni.net10.csproj", "{ED00AB0A-09FF-4F35-BE9B-FEEA0EE1A925}"
EndProject
Project("{2150E333-8FDC-42A3-9474-1A3956D46DE8}") = "Benchmarks.Mg", "Benchmarks.Mg", "{F787269D-C6B3-48A5-D77C-C28779191AA4}"
EndProject
Project("{FAE04EC0-301F-11D3-BF4B-00C04F79EFBC}") = "Benchmarks.Mg.net10", "Benchmarks.Mg\Benchmarks.Mg.net10.csproj", "{53BACB42-5854-4DEC-B7B2-1454F037F37D}"
EndProject
Project("{2150E333-8FDC-42A3-9474-1A3956D46DE8}") = "Benchmarks.Fna", "Benchmarks.Fna", "{47FE7CEC-79A8-E047-9CA3-81794E2D2663}"
EndProject
Project("{FAE04EC0-301F-11D3-BF4B-00C04F79EFBC}") = "Benchmarks.Fna.net10", "Benchmarks.Fna\Benchmarks.Fna.net10.csproj", "{6720664F-1047-41AF-B6EC-0F92FDE46019}"
EndProject
Project("{FAE04EC0-301F-11D3-BF4B-00C04F79EFBC}") = "Benchmarks.Kni.Lib", "Benchmarks.Shared\Benchmarks.Kni.Lib.csproj", "{D2797F61-EB6F-486A-8DF4-6A5E33A308D2}"
EndProject
Project("{FAE04EC0-301F-11D3-BF4B-00C04F79EFBC}") = "Benchmarks.Mg.Lib", "Benchmarks.Shared\Benchmarks.Mg.Lib.csproj", "{C06D426A-2A5C-4D13-AA13-2B54735989E7}"
EndProject
Project("{FAE04EC0-301F-11D3-BF4B-00C04F79EFBC}") = "Benchmarks.Fna.Lib", "Benchmarks.Shared\Benchmarks.Fna.Lib.csproj", "{DC4766CF-25AD-4BC9-8826-0CD921BC9091}"
EndProject
Global
	GlobalSection(SolutionConfigurationPlatforms) = preSolution
		Debug|Any CPU = Debug|Any CPU
		Debug|x64 = Debug|x64
		Debug|x86 = Debug|x86
		Release|Any CPU = Release|Any CPU
		Release|x64 = Release|x64
		Release|x86 = Release|x86
	EndGlobalSection
	GlobalSection(ProjectConfigurationPlatforms) = postSolution
		{ED00AB0A-09FF-4F35-BE9B-FEEA0EE1A925}.Debug|Any CPU.ActiveCfg = Debug|Any CPU
		{ED00AB0A-09FF-4F35-BE9B-FEEA0EE1A925}.Debug|Any CPU.Build.0 = Debug|Any CPU
		{ED00AB0A-09FF-4F35-BE9B-FEEA0EE1A925}.Debug|x64.ActiveCfg = Debug|Any CPU
		{ED00AB0A-09FF-4F35-BE9B-FEEA0EE1A925}.Debug|x64.Build.0 = Debug|Any CPU
		{ED00AB0A-09FF-4F35-BE9B-FEEA0EE1A925}.Debug|x86.ActiveCfg = Debug|Any CPU
		{ED00AB0A-09FF-4F35-BE9B-FEEA0EE1A925}.Debug|x86.Build.0 = Debug|Any CPU
		{ED00AB0A-09FF-4F35-BE9B-FEEA0EE1A925}.Release|Any CPU.ActiveCfg = Release|Any CPU
		{ED00AB0A-09FF-4F35-BE9B-FEEA0EE1A925}.Release|Any CPU.Build.0 = Release|Any CPU
		{ED00AB0A-09FF-4F35-BE9B-FEEA0EE1A925}.Release|x64.ActiveCfg = Release|Any CPU
		{ED00AB0A-09FF-4F35-BE9B-FEEA0EE1A925}.Release|x64.Build.0 = Release|Any CPU
		{ED00AB0A-09FF-4F35-BE9B-FEEA0EE1A925}.Release|x86.ActiveCfg = Release|Any CPU
		{ED00AB0A-09FF-4F35-BE9B-FEEA0EE1A925}.Release|x86.Build.0 = Release|Any CPU
		{53BACB42-5854-4DEC-B7B2-1454F037F37D}.Debug|Any CPU.ActiveCfg = Debug|Any CPU
		{53BACB42-5854-4DEC-B7B2-1454F037F37D}.Debug|Any CPU.Build.0 = Debug|Any CPU
		{53BACB42-5854-4DEC-B7B2-1454F037F37D}.Debug|x64.ActiveCfg = Debug|Any CPU
		{53BACB42-5854-4DEC-B7B2-1454F037F37D}.Debug|x64.Build.0 = Debug|Any CPU
		{53BACB42-5854-4DEC-B7B2-1454F037F37D}.Debug|x86.ActiveCfg = Debug|Any CPU
		{53BACB42-5854-4DEC-B7B2-1454F037F37D}.Debug|x86.Build.0 = Debug|Any CPU
		{53BACB42-5854-4DEC-B7B2-1454F037F37D}.Release|Any CPU.ActiveCfg = Release|Any CPU
		{53BACB42-5854-4DEC-B7B2-1454F037F37D}.Release|Any CPU.Build.0 = Release|Any CPU
		{53BACB42-5854-4DEC-B7B2-1454F037F37D}.Release|x64.ActiveCfg = Release|Any CPU
		{53BACB42-5854-4DEC-B7B2-1454F037F37D}.Release|x64.Build.0 = Release|Any CPU
		{53BACB42-5854-4DEC-B7B2-1454F037F37D}.Release|x86.ActiveCfg = Release|Any CPU
		{53BACB42-5854-4DEC-B7B2-1454F037F37D}.Release|x86.Build.0 = Release|Any CPU
		{6720664F-1047-41AF-B6EC-0F92FDE46019}.Debug|Any CPU.ActiveCfg = Debug|Any CPU
		{6720664F-1047-41AF-B6EC-0F92FDE46019}.Debug|Any CPU.Build.0 = Debug|Any CPU
		{6720664F-1047-41AF-B6EC-0F92FDE46019}.Debug|x64.ActiveCfg = Debug|Any CPU
		{6720664F-1047-41AF-B6EC-0F92FDE46019}.Debug|x64.Build.0 = Debug|Any CPU
		{6720664F-1047-41AF-B6EC-0F92FDE46019}.Debug|x86.ActiveCfg = Debug|Any CPU
		{6720664F-1047-41AF-B6EC-0F92FDE46019}.Debug|x86.Build.0 = Debug|Any CPU
		{6720664F-1047-41AF-B6EC-0F92FDE46019}.Release|Any CPU.ActiveCfg = Release|Any CPU
		{6720664F-1047-41AF-B6EC-0F92FDE46019}.Release|Any CPU.Build.0 = Release|Any CPU
		{6720664F-1047-41AF-B6EC-0F92FDE46019}.Release|x64.ActiveCfg = Release|Any CPU
		{6720664F-1047-41AF-B6EC-0F92FDE46019}.Release|x64.Build.0 = Release|Any CPU
		{6720664F-1047-41AF-B6EC-0F92FDE46019}.Release|x86.ActiveCfg = Release|Any CPU
		{6720664F-1047-41AF-B6EC-0F92FDE46019}.Release|x86.Build.0 = Release|Any CPU
		{D2797F61-EB6F-486A-8DF4-6A5E33A308D2}.Debug|Any CPU.ActiveCfg = Debug|Any CPU
		{D2797F61-EB6F-486A-8DF4-6A5E33A308D2}.Debug|Any CPU.Build.0 = Debug|Any CPU
		{D2797F61-EB6F-486A-8DF4-6A5E33A308D2}.Debug|x64.ActiveCfg = Debug|Any CPU
		{D2797F61-EB6F-486A-8DF4-6A5E33A308D2}.Debug|x64.Build.0 = Debug|Any CPU
		{D2797F61-EB6F-486A-8DF4-6A5E33A308D2}.Debug|x86.ActiveCfg = Debug|Any CPU
		{D2797F61-EB6F-486A-8DF4-6A5E33A308D2}.Debug|x86.Build.0 = Debug|Any CPU
		{D2797F61-EB6F-486A-8DF4-6A5E33A308D2}.Release|Any CPU.ActiveCfg = Release|Any CPU
		{D2797F61-EB6F-486A-8DF4-6A5E33A308D2}.Release|Any CPU.Build.0 = Release|Any CPU
		{D2797F61-EB6F-486A-8DF4-6A5E33A308D2}.Release|x64.ActiveCfg = Release|Any CPU
		{D2797F61-EB6F-486A-8DF4-6A5E33A308D2}.Release|x64.Build.0 = Release|Any CPU
		{D2797F61-EB6F-486A-8DF4-6A5E33A308D2}.Release|x86.ActiveCfg = Release|Any CPU
		{D2797F61-EB6F-486A-8DF4-6A5E33A308D2}.Release|x86.Build.0 = Release|Any CPU
		{C06D426A-2A5C-4D13-AA13-2B54735989E7}.Debug|Any CPU.ActiveCfg = Debug|Any CPU
		{C06D426A-2A5C-4D13-AA13-2B54735989E7}.Debug|Any CPU.Build.0 = Debug|Any CPU
		{C06D426A-2A5C-4D13-AA13-2B54735989E7}.Debug|x64.ActiveCfg = Debug|Any CPU
		{C06D426A-2A5C-4D13-AA13-2B54735989E7}.Debug|x64.Build.0 = Debug|Any CPU
		{C06D426A-2A5C-4D13-AA13-2B54735989E7}.Debug|x86.ActiveCfg = Debug|Any CPU
		{C06D426A-2A5C-4D13-AA13-2B54735989E7}.Debug|x86.Build.0 = Debug|Any CPU
		{C06D426A-2A5C-4D13-AA13-2B54735989E7}.Release|Any CPU.ActiveCfg = Release|Any CPU
		{C06D426A-2A5C-4D13-AA13-2B54735989E7}.Release|Any CPU.Build.0 = Release|Any CPU
		{C06D426A-2A5C-4D13-AA13-2B54735989E7}.Release|x64.ActiveCfg = Release|Any CPU
		{C06D426A-2A5C-4D13-AA13-2B54735989E7}.Release|x64.Build.0 = Release|Any CPU
		{C06D426A-2A5C-4D13-AA13-2B54735989E7}.Release|x86.ActiveCfg = Release|Any CPU
		{C06D426A-2A5C-4D13-AA13-2B54735989E7}.Release|x86.Build.0 = Release|Any CPU
		{DC4766CF-25AD-4BC9-8826-0CD921BC9091}.Debug|Any CPU.ActiveCfg = Debug|Any CPU
		{DC4766CF-25AD-4BC9-8826-0CD921BC9091}.Debug|Any CPU.Build.0 = Debug|Any CPU
		{DC4766CF-25AD-4BC9-8826-0CD921BC9091}.Debug|x64.ActiveCfg = Debug|Any CPU
		{DC4766CF-25AD-4BC9-8826-0CD921BC9091}.Debug|x64.Build.0 = Debug|Any CPU
		{DC4766CF-25AD-4BC9-8826-0CD921BC9091}.Debug|x86.ActiveCfg = Debug|Any CPU
		{DC4766CF-25AD-4BC9-8826-0CD921BC9091}.Debug|x86.Build.0 = Debug|Any CPU
		{DC4766CF-25AD-4BC9-8826-0CD921BC9091}.Release|Any CPU.ActiveCfg = Release|Any CPU
		{DC4766CF-25AD-4BC9-8826-0CD921BC9091}.Release|Any CPU.Build.0 = Release|Any CPU
		{DC4766CF-25AD-4BC9-8826-0CD921BC9091}.Release|x64.ActiveCfg = Release|Any CPU
		{DC4766CF-25AD-4BC9-8826-0CD921BC9091}.Release|x64.Build.0 = Release|Any CPU
		{DC4766CF-25AD-4BC9-8826-0CD921BC9091}.Release|x86.ActiveCfg = Release|Any CPU
		{DC4766CF-25AD-4BC9-8826-0CD921BC9091}.Release|x86.Build.0 = Release|Any CPU
	EndGlobalSection
	GlobalSection(SolutionProperties) = preSolution
		HideSolutionNode = FALSE
	EndGlobalSection
	GlobalSection(NestedProjects) = preSolution
		{ED00AB0A-09FF-4F35-BE9B-FEEA0EE1A925} = {D486740F-9D43-1302-7714-FBED9D3B8F81}
		{53BACB42-5854-4DEC-B7B2-1454F037F37D} = {F787269D-C6B3-48A5-D77C-C28779191AA4}
		{6720664F-1047-41AF-B6EC-0F92FDE46019} = {47FE7CEC-79A8-E047-9CA3-81794E2D2663}
	EndGlobalSection
EndGlobal
