
Microsoft Visual Studio Solution File, Format Version 12.00
# Visual Studio Version 17
VisualStudioVersion = 17.5.33516.290
MinimumVisualStudioVersion = 10.0.40219.1
Project("{FAE04EC0-301F-11D3-BF4B-00C04F79EFBC}") = "Benchmarks.Fna.DesktopGL.net4", "Benchmarks.Fna.OpenGL\Benchmarks.Fna.DesktopGL.net4.csproj", "{B7BB9284-D79D-4CCD-9B4C-9E54536DDA9F}"
EndProject
Project("{D954291E-2A0B-460D-934E-DC6B0785DB48}") = "Benchmarks.Shared", "Benchmarks.Shared\Benchmarks.Shared.shproj", "{EFC61FED-DD64-4887-81BA-8A5604BA8C04}"
EndProject
Global
	GlobalSection(SolutionConfigurationPlatforms) = preSolution
		Debug|Any CPU = Debug|Any CPU
		Release|Any CPU = Release|Any CPU
	EndGlobalSection
	GlobalSection(ProjectConfigurationPlatforms) = postSolution
		{B7BB9284-D79D-4CCD-9B4C-9E54536DDA9F}.Debug|Any CPU.ActiveCfg = Debug|Any CPU
		{B7BB9284-D79D-4CCD-9B4C-9E54536DDA9F}.Debug|Any CPU.Build.0 = Debug|Any CPU
		{B7BB9284-D79D-4CCD-9B4C-9E54536DDA9F}.Release|Any CPU.ActiveCfg = Release|Any CPU
		{B7BB9284-D79D-4CCD-9B4C-9E54536DDA9F}.Release|Any CPU.Build.0 = Release|Any CPU
	EndGlobalSection
	GlobalSection(SolutionProperties) = preSolution
		HideSolutionNode = FALSE
	EndGlobalSection
	GlobalSection(ExtensibilityGlobals) = postSolution
		SolutionGuid = {4352BFFF-A619-4E9F-8C7B-8321C547BADB}
	EndGlobalSection
	GlobalSection(SharedMSBuildProjectFiles) = preSolution
		Benchmarks.Shared\Benchmarks.Shared.projitems*{b7bb9284-d79d-4ccd-9b4c-9e54536dda9f}*SharedItemsImports = 4
		Benchmarks.Shared\Benchmarks.Shared.projitems*{efc61fed-dd64-4887-81ba-8a5604ba8c04}*SharedItemsImports = 13
	EndGlobalSection
EndGlobal
