
Microsoft Visual Studio Solution File, Format Version 12.00
# Visual Studio Version 17
VisualStudioVersion = 17.5.33516.290
MinimumVisualStudioVersion = 10.0.40219.1
Project("{9A19103F-16F7-4668-BE54-9A1E7A4F7556}") = "Benchmarks.Kni.Android.net8", "Benchmarks.Kni.Android\Benchmarks.Kni.Android.net8.csproj", "{71C19B9E-A73D-4381-B04A-4C530BCB9D6F}"
EndProject
Project("{9A19103F-16F7-4668-BE54-9A1E7A4F7556}") = "Benchmarks.Kni.WindowsDX.net8", "Benchmarks.Kni.WindowsDX\Benchmarks.Kni.WindowsDX.net8.csproj", "{2F771463-A953-4520-AC0E-986009AAD47A}"
EndProject
Project("{9A19103F-16F7-4668-BE54-9A1E7A4F7556}") = "Benchmarks.Kni.DesktopGL.net8", "Benchmarks.Kni.DesktopGL\Benchmarks.Kni.DesktopGL.net8.csproj", "{1CB8D8C7-5686-4876-9CA4-75C6FB22567D}"
EndProject
Project("{9A19103F-16F7-4668-BE54-9A1E7A4F7556}") = "Benchmarks.BlazorGL.net8", "Benchmarks.Kni.BlazorGL\Benchmarks.BlazorGL.net8.csproj", "{770E7E53-F40D-47A6-AC4E-E3E2330FFD9E}"
EndProject
Project("{D954291E-2A0B-460D-934E-DC6B0785DB48}") = "Benchmarks.Shared", "Benchmarks.Shared\Benchmarks.Shared.shproj", "{EFC61FED-DD64-4887-81BA-8A5604BA8C04}"
EndProject
Project("{2150E333-8FDC-42A3-9474-1A3956D46DE8}") = "Kni.Framework", "Kni.Framework", "{E58406A8-8BA0-4D8F-8B11-345B9344505C}"
EndProject
Project("{9A19103F-16F7-4668-BE54-9A1E7A4F7556}") = "Xna.Framework", "X:\kniEngine\kni\src\Xna.Framework\Xna.Framework.csproj", "{741B4B1E-89E4-434C-8867-6129838AFD51}"
EndProject
Project("{9A19103F-16F7-4668-BE54-9A1E7A4F7556}") = "Xna.Framework.Content", "X:\kniEngine\kni\src\Xna.Framework.Content\Xna.Framework.Content.csproj", "{1DC4C439-A8A6-4A11-AB3B-A88DCBA05449}"
EndProject
Project("{9A19103F-16F7-4668-BE54-9A1E7A4F7556}") = "Xna.Framework.Graphics", "X:\kniEngine\kni\src\Xna.Framework.Graphics\Xna.Framework.Graphics.csproj", "{4B8D3F73-BBD2-4057-B86B-8B73B957DC0F}"
EndProject
Project("{9A19103F-16F7-4668-BE54-9A1E7A4F7556}") = "Xna.Framework.Input", "X:\kniEngine\kni\src\Xna.Framework.Input\Xna.Framework.Input.csproj", "{8FB8B257-C091-4C41-B221-75C37B68CD8F}"
EndProject
Project("{9A19103F-16F7-4668-BE54-9A1E7A4F7556}") = "Xna.Framework.Game", "X:\kniEngine\kni\src\Xna.Framework.Game\Xna.Framework.Game.csproj", "{90BBD6EF-F386-4F47-88CD-BF386C7D1705}"
EndProject
Project("{9A19103F-16F7-4668-BE54-9A1E7A4F7556}") = "Xna.Framework.Audio", "X:\kniEngine\kni\src\Xna.Framework.Audio\Xna.Framework.Audio.csproj", "{3F81F76D-F0F3-44FE-A256-40AF153C33F7}"
EndProject
Project("{9A19103F-16F7-4668-BE54-9A1E7A4F7556}") = "XNA.Framework.Media", "X:\kniEngine\kni\src\Xna.Framework.Media\XNA.Framework.Media.csproj", "{6E0E6284-13FF-4DC7-8FC2-B6D756EAF1FD}"
EndProject
Project("{2150E333-8FDC-42A3-9474-1A3956D46DE8}") = "Kni.Platforms", "Kni.Platforms", "{13A0146A-166B-4DC5-A78A-ED7901A9EDD1}"
EndProject
Project("{9A19103F-16F7-4668-BE54-9A1E7A4F7556}") = "XNA.Framework.DesktopGL", "X:\kniEngine\kni\MonoGame.Framework\XNA.Framework.DesktopGL.csproj", "{6D75E618-19CA-4C51-9546-F10965FBC0B8}"
EndProject
Project("{9A19103F-16F7-4668-BE54-9A1E7A4F7556}") = "XNA.Framework.Blazor", "X:\kniEngine\kni\MonoGame.Framework\XNA.Framework.Blazor.csproj", "{52A088F4-FDA4-40D3-9638-EE1F64E7AA81}"
EndProject
Project("{9A19103F-16F7-4668-BE54-9A1E7A4F7556}") = "XNA.Framework.WindowsDX11", "X:\kniEngine\kni\MonoGame.Framework\XNA.Framework.WindowsDX11.csproj", "{7DE47032-A904-4C29-BD22-2D235E8D91BA}"
EndProject
Project("{9A19103F-16F7-4668-BE54-9A1E7A4F7556}") = "XNA.Framework.Android", "X:\kniEngine\kni\MonoGame.Framework\XNA.Framework.Android.csproj", "{CF09A088-6F64-4FA3-8FF8-E5B39F8BB0E6}"
EndProject
Global
	GlobalSection(SolutionConfigurationPlatforms) = preSolution
		Debug|Any CPU = Debug|Any CPU
		Release|Any CPU = Release|Any CPU
	EndGlobalSection
	GlobalSection(ProjectConfigurationPlatforms) = postSolution
		{71C19B9E-A73D-4381-B04A-4C530BCB9D6F}.Debug|Any CPU.ActiveCfg = Debug|Any CPU
		{71C19B9E-A73D-4381-B04A-4C530BCB9D6F}.Debug|Any CPU.Build.0 = Debug|Any CPU
		{71C19B9E-A73D-4381-B04A-4C530BCB9D6F}.Debug|Any CPU.Deploy.0 = Debug|Any CPU
		{71C19B9E-A73D-4381-B04A-4C530BCB9D6F}.Release|Any CPU.ActiveCfg = Release|Any CPU
		{71C19B9E-A73D-4381-B04A-4C530BCB9D6F}.Release|Any CPU.Build.0 = Release|Any CPU
		{71C19B9E-A73D-4381-B04A-4C530BCB9D6F}.Release|Any CPU.Deploy.0 = Release|Any CPU
		{2F771463-A953-4520-AC0E-986009AAD47A}.Debug|Any CPU.ActiveCfg = Debug|Any CPU
		{2F771463-A953-4520-AC0E-986009AAD47A}.Debug|Any CPU.Build.0 = Debug|Any CPU
		{2F771463-A953-4520-AC0E-986009AAD47A}.Release|Any CPU.ActiveCfg = Release|Any CPU
		{2F771463-A953-4520-AC0E-986009AAD47A}.Release|Any CPU.Build.0 = Release|Any CPU
		{1CB8D8C7-5686-4876-9CA4-75C6FB22567D}.Debug|Any CPU.ActiveCfg = Debug|Any CPU
		{1CB8D8C7-5686-4876-9CA4-75C6FB22567D}.Debug|Any CPU.Build.0 = Debug|Any CPU
		{1CB8D8C7-5686-4876-9CA4-75C6FB22567D}.Release|Any CPU.ActiveCfg = Release|Any CPU
		{1CB8D8C7-5686-4876-9CA4-75C6FB22567D}.Release|Any CPU.Build.0 = Release|Any CPU
		{770E7E53-F40D-47A6-AC4E-E3E2330FFD9E}.Debug|Any CPU.ActiveCfg = Debug|Any CPU
		{770E7E53-F40D-47A6-AC4E-E3E2330FFD9E}.Debug|Any CPU.Build.0 = Debug|Any CPU
		{770E7E53-F40D-47A6-AC4E-E3E2330FFD9E}.Release|Any CPU.ActiveCfg = Release|Any CPU
		{770E7E53-F40D-47A6-AC4E-E3E2330FFD9E}.Release|Any CPU.Build.0 = Release|Any CPU
		{741B4B1E-89E4-434C-8867-6129838AFD51}.Debug|Any CPU.ActiveCfg = Debug|Any CPU
		{741B4B1E-89E4-434C-8867-6129838AFD51}.Debug|Any CPU.Build.0 = Debug|Any CPU
		{741B4B1E-89E4-434C-8867-6129838AFD51}.Release|Any CPU.ActiveCfg = Release|Any CPU
		{741B4B1E-89E4-434C-8867-6129838AFD51}.Release|Any CPU.Build.0 = Release|Any CPU
		{1DC4C439-A8A6-4A11-AB3B-A88DCBA05449}.Debug|Any CPU.ActiveCfg = Debug|Any CPU
		{1DC4C439-A8A6-4A11-AB3B-A88DCBA05449}.Debug|Any CPU.Build.0 = Debug|Any CPU
		{1DC4C439-A8A6-4A11-AB3B-A88DCBA05449}.Release|Any CPU.ActiveCfg = Release|Any CPU
		{1DC4C439-A8A6-4A11-AB3B-A88DCBA05449}.Release|Any CPU.Build.0 = Release|Any CPU
		{4B8D3F73-BBD2-4057-B86B-8B73B957DC0F}.Debug|Any CPU.ActiveCfg = Debug|Any CPU
		{4B8D3F73-BBD2-4057-B86B-8B73B957DC0F}.Debug|Any CPU.Build.0 = Debug|Any CPU
		{4B8D3F73-BBD2-4057-B86B-8B73B957DC0F}.Release|Any CPU.ActiveCfg = Release|Any CPU
		{4B8D3F73-BBD2-4057-B86B-8B73B957DC0F}.Release|Any CPU.Build.0 = Release|Any CPU
		{8FB8B257-C091-4C41-B221-75C37B68CD8F}.Debug|Any CPU.ActiveCfg = Debug|Any CPU
		{8FB8B257-C091-4C41-B221-75C37B68CD8F}.Debug|Any CPU.Build.0 = Debug|Any CPU
		{8FB8B257-C091-4C41-B221-75C37B68CD8F}.Release|Any CPU.ActiveCfg = Release|Any CPU
		{8FB8B257-C091-4C41-B221-75C37B68CD8F}.Release|Any CPU.Build.0 = Release|Any CPU
		{90BBD6EF-F386-4F47-88CD-BF386C7D1705}.Debug|Any CPU.ActiveCfg = Debug|Any CPU
		{90BBD6EF-F386-4F47-88CD-BF386C7D1705}.Debug|Any CPU.Build.0 = Debug|Any CPU
		{90BBD6EF-F386-4F47-88CD-BF386C7D1705}.Release|Any CPU.ActiveCfg = Release|Any CPU
		{90BBD6EF-F386-4F47-88CD-BF386C7D1705}.Release|Any CPU.Build.0 = Release|Any CPU
		{3F81F76D-F0F3-44FE-A256-40AF153C33F7}.Debug|Any CPU.ActiveCfg = Debug|Any CPU
		{3F81F76D-F0F3-44FE-A256-40AF153C33F7}.Debug|Any CPU.Build.0 = Debug|Any CPU
		{3F81F76D-F0F3-44FE-A256-40AF153C33F7}.Release|Any CPU.ActiveCfg = Release|Any CPU
		{3F81F76D-F0F3-44FE-A256-40AF153C33F7}.Release|Any CPU.Build.0 = Release|Any CPU
		{6E0E6284-13FF-4DC7-8FC2-B6D756EAF1FD}.Debug|Any CPU.ActiveCfg = Debug|Any CPU
		{6E0E6284-13FF-4DC7-8FC2-B6D756EAF1FD}.Debug|Any CPU.Build.0 = Debug|Any CPU
		{6E0E6284-13FF-4DC7-8FC2-B6D756EAF1FD}.Release|Any CPU.ActiveCfg = Release|Any CPU
		{6E0E6284-13FF-4DC7-8FC2-B6D756EAF1FD}.Release|Any CPU.Build.0 = Release|Any CPU
		{6D75E618-19CA-4C51-9546-F10965FBC0B8}.Debug|Any CPU.ActiveCfg = Debug|Any CPU
		{6D75E618-19CA-4C51-9546-F10965FBC0B8}.Debug|Any CPU.Build.0 = Debug|Any CPU
		{6D75E618-19CA-4C51-9546-F10965FBC0B8}.Release|Any CPU.ActiveCfg = Release|Any CPU
		{6D75E618-19CA-4C51-9546-F10965FBC0B8}.Release|Any CPU.Build.0 = Release|Any CPU
		{52A088F4-FDA4-40D3-9638-EE1F64E7AA81}.Debug|Any CPU.ActiveCfg = Debug|Any CPU
		{52A088F4-FDA4-40D3-9638-EE1F64E7AA81}.Debug|Any CPU.Build.0 = Debug|Any CPU
		{52A088F4-FDA4-40D3-9638-EE1F64E7AA81}.Release|Any CPU.ActiveCfg = Release|Any CPU
		{52A088F4-FDA4-40D3-9638-EE1F64E7AA81}.Release|Any CPU.Build.0 = Release|Any CPU
		{7DE47032-A904-4C29-BD22-2D235E8D91BA}.Debug|Any CPU.ActiveCfg = Debug|Any CPU
		{7DE47032-A904-4C29-BD22-2D235E8D91BA}.Debug|Any CPU.Build.0 = Debug|Any CPU
		{7DE47032-A904-4C29-BD22-2D235E8D91BA}.Release|Any CPU.ActiveCfg = Release|Any CPU
		{7DE47032-A904-4C29-BD22-2D235E8D91BA}.Release|Any CPU.Build.0 = Release|Any CPU
		{CF09A088-6F64-4FA3-8FF8-E5B39F8BB0E6}.Debug|Any CPU.ActiveCfg = Debug|Any CPU
		{CF09A088-6F64-4FA3-8FF8-E5B39F8BB0E6}.Debug|Any CPU.Build.0 = Debug|Any CPU
		{CF09A088-6F64-4FA3-8FF8-E5B39F8BB0E6}.Release|Any CPU.ActiveCfg = Release|Any CPU
		{CF09A088-6F64-4FA3-8FF8-E5B39F8BB0E6}.Release|Any CPU.Build.0 = Release|Any CPU
	EndGlobalSection
	GlobalSection(SolutionProperties) = preSolution
		HideSolutionNode = FALSE
	EndGlobalSection
	GlobalSection(NestedProjects) = preSolution
		{741B4B1E-89E4-434C-8867-6129838AFD51} = {E58406A8-8BA0-4D8F-8B11-345B9344505C}
		{1DC4C439-A8A6-4A11-AB3B-A88DCBA05449} = {E58406A8-8BA0-4D8F-8B11-345B9344505C}
		{4B8D3F73-BBD2-4057-B86B-8B73B957DC0F} = {E58406A8-8BA0-4D8F-8B11-345B9344505C}
		{8FB8B257-C091-4C41-B221-75C37B68CD8F} = {E58406A8-8BA0-4D8F-8B11-345B9344505C}
		{90BBD6EF-F386-4F47-88CD-BF386C7D1705} = {E58406A8-8BA0-4D8F-8B11-345B9344505C}
		{3F81F76D-F0F3-44FE-A256-40AF153C33F7} = {E58406A8-8BA0-4D8F-8B11-345B9344505C}
		{6E0E6284-13FF-4DC7-8FC2-B6D756EAF1FD} = {E58406A8-8BA0-4D8F-8B11-345B9344505C}
		{6D75E618-19CA-4C51-9546-F10965FBC0B8} = {13A0146A-166B-4DC5-A78A-ED7901A9EDD1}
		{52A088F4-FDA4-40D3-9638-EE1F64E7AA81} = {13A0146A-166B-4DC5-A78A-ED7901A9EDD1}
		{7DE47032-A904-4C29-BD22-2D235E8D91BA} = {13A0146A-166B-4DC5-A78A-ED7901A9EDD1}
		{CF09A088-6F64-4FA3-8FF8-E5B39F8BB0E6} = {13A0146A-166B-4DC5-A78A-ED7901A9EDD1}
	EndGlobalSection
	GlobalSection(ExtensibilityGlobals) = postSolution
		SolutionGuid = {31DCEAD5-2FC2-4B2C-B9B8-9058D3991A30}
	EndGlobalSection
	GlobalSection(SharedMSBuildProjectFiles) = preSolution
		Benchmarks.Shared\Benchmarks.Shared.projitems*{1cb8d8c7-5686-4876-9ca4-75c6fb22567d}*SharedItemsImports = 5
		Benchmarks.Shared\Benchmarks.Shared.projitems*{2f771463-a953-4520-ac0e-986009aad47a}*SharedItemsImports = 5
		Benchmarks.Shared\Benchmarks.Shared.projitems*{71c19b9e-a73d-4381-b04a-4c530bcb9d6f}*SharedItemsImports = 5
		Benchmarks.Shared\Benchmarks.Shared.projitems*{770e7e53-f40d-47a6-ac4e-e3e2330ffd9e}*SharedItemsImports = 5
		Benchmarks.Shared\Benchmarks.Shared.projitems*{efc61fed-dd64-4887-81ba-8a5604ba8c04}*SharedItemsImports = 13
	EndGlobalSection
EndGlobal
