
Microsoft Visual Studio Solution File, Format Version 12.00
# Visual Studio Version 17
VisualStudioVersion = 17.5.33516.290
MinimumVisualStudioVersion = 10.0.40219.1
Project("{9A19103F-16F7-4668-BE54-9A1E7A4F7556}") = "Benchmarks.Kni.Android.net8", "Benchmarks.Kni.Android\Benchmarks.Kni.Android.net8.csproj", "{71C19B9E-A73D-4381-B04A-4C530BCB9D6F}"
EndProject
Project("{9A19103F-16F7-4668-BE54-9A1E7A4F7556}") = "Benchmarks.Kni.WindowsDX.net8", "Benchmarks.Kni.WindowsDX\Benchmarks.Kni.WindowsDX.net8.csproj", "{2F771463-A953-4520-AC0E-986009AAD47A}"
EndProject
Project("{9A19103F-16F7-4668-BE54-9A1E7A4F7556}") = "Benchmarks.Kni.DesktopGL.net8", "Benchmarks.Kni.DesktopGL\Benchmarks.Kni.DesktopGL.net8.csproj", "{1CB8D8C7-5686-4876-9CA4-75C6FB22567D}"
EndProject
Project("{9A19103F-16F7-4668-BE54-9A1E7A4F7556}") = "Benchmarks.BlazorGL.net8", "Benchmarks.Kni.BlazorGL\Benchmarks.BlazorGL.net8.csproj", "{770E7E53-F40D-47A6-AC4E-E3E2330FFD9E}"
EndProject
Project("{D954291E-2A0B-460D-934E-DC6B0785DB48}") = "Benchmarks.Shared", "Benchmarks.Shared\Benchmarks.Shared.shproj", "{EFC61FED-DD64-4887-81BA-8A5604BA8C04}"
EndProject
Project("{2150E333-8FDC-42A3-9474-1A3956D46DE8}") = "Kni.Framework", "Kni.Framework", "{E58406A8-8BA0-4D8F-8B11-345B9344505C}"
EndProject
Project("{9A19103F-16F7-4668-BE54-9A1E7A4F7556}") = "Xna.Framework", "X:\kniEngine\kni\src\Xna.Framework\Xna.Framework.csproj", "{741B4B1E-89E4-434C-8867-6129838AFD51}"
EndProject
Project("{9A19103F-16F7-4668-BE54-9A1E7A4F7556}") = "Xna.Framework.Content", "X:\kniEngine\kni\src\Xna.Framework.Content\Xna.Framework.Content.csproj", "{1DC4C439-A8A6-4A11-AB3B-A88DCBA05449}"
EndProject
Project("{9A19103F-16F7-4668-BE54-9A1E7A4F7556}") = "Xna.Framework.Graphics", "X:\kniEngine\kni\src\Xna.Framework.Graphics\Xna.Framework.Graphics.csproj", "{4B8D3F73-BBD2-4057-B86B-8B73B957DC0F}"
EndProject
Project("{9A19103F-16F7-4668-BE54-9A1E7A4F7556}") = "Xna.Framework.Input", "X:\kniEngine\kni\src\Xna.Framework.Input\Xna.Framework.Input.csproj", "{8FB8B257-C091-4C41-B221-75C37B68CD8F}"
EndProject
Project("{9A19103F-16F7-4668-BE54-9A1E7A4F7556}") = "Xna.Framework.Game", "X:\kniEngine\kni\src\Xna.Framework.Game\Xna.Framework.Game.csproj", "{90BBD6EF-F386-4F47-88CD-BF386C7D1705}"
EndProject
Project("{9A19103F-16F7-4668-BE54-9A1E7A4F7556}") = "Xna.Framework.Audio", "X:\kniEngine\kni\src\Xna.Framework.Audio\Xna.Framework.Audio.csproj", "{3F81F76D-F0F3-44FE-A256-40AF153C33F7}"
EndProject
Project("{9A19103F-16F7-4668-BE54-9A1E7A4F7556}") = "XNA.Framework.Media", "X:\kniEngine\kni\src\Xna.Framework.Media\XNA.Framework.Media.csproj", "{6E0E6284-13FF-4DC7-8FC2-B6D756EAF1FD}"
EndProject
Project("{9A19103F-16F7-4668-BE54-9A1E7A4F7556}") = "Xna.Framework.Devices", "X:\kniEngine\kni\src\Xna.Framework.Devices\Xna.Framework.Devices.csproj", "{6B3E56F7-C567-463C-9746-0244FD959322}"
EndProject
Project("{9A19103F-16F7-4668-BE54-9A1E7A4F7556}") = "Xna.Framework.Storage", "X:\kniEngine\kni\src\Xna.Framework.Storage\Xna.Framework.Storage.csproj", "{7AE82BAB-5F52-427A-8F6F-DA829261FF9C}"
EndProject
Project("{FAE04EC0-301F-11D3-BF4B-00C04F79EFBC}") = "Xna.Framework.XR", "X:\kniEngine\kni\src\Xna.Framework.XR\Xna.Framework.XR.csproj", "{6D0D985D-B256-4208-9E78-77897D461698}"
EndProject
Project("{2150E333-8FDC-42A3-9474-1A3956D46DE8}") = "Kni.Platforms", "Kni.Platforms", "{13A0146A-166B-4DC5-A78A-ED7901A9EDD1}"
EndProject
Project("{9A19103F-16F7-4668-BE54-9A1E7A4F7556}") = "Kni.Platform.Android.GL", "X:\kniEngine\kni\Platforms\Kni.Platform.Android.GL.csproj", "{1842DCFB-0AF5-44AA-B047-ECA648B5DFA3}"
EndProject
Project("{9A19103F-16F7-4668-BE54-9A1E7A4F7556}") = "Kni.Platform.Blazor.GL", "X:\kniEngine\kni\Platforms\Kni.Platform.Blazor.GL.csproj", "{2DF1188D-53CC-403C-9204-A770989D1C59}"
EndProject
Project("{9A19103F-16F7-4668-BE54-9A1E7A4F7556}") = "Kni.Platform.SDL2.GL", "X:\kniEngine\kni\Platforms\Kni.Platform.SDL2.GL.csproj", "{85399824-4729-48A6-8BC6-E50E47F02B3A}"
EndProject
Project("{9A19103F-16F7-4668-BE54-9A1E7A4F7556}") = "Kni.Platform.WinForms.DX11", "X:\kniEngine\kni\Platforms\Kni.Platform.WinForms.DX11.csproj", "{96F6F947-49CA-4232-94D9-0D7C1F4DB388}"
EndProject
Global
	GlobalSection(SolutionConfigurationPlatforms) = preSolution
		Debug|Any CPU = Debug|Any CPU
		Release|Any CPU = Release|Any CPU
	EndGlobalSection
	GlobalSection(ProjectConfigurationPlatforms) = postSolution
		{71C19B9E-A73D-4381-B04A-4C530BCB9D6F}.Debug|Any CPU.ActiveCfg = Debug|Any CPU
		{71C19B9E-A73D-4381-B04A-4C530BCB9D6F}.Debug|Any CPU.Build.0 = Debug|Any CPU
		{71C19B9E-A73D-4381-B04A-4C530BCB9D6F}.Debug|Any CPU.Deploy.0 = Debug|Any CPU
		{71C19B9E-A73D-4381-B04A-4C530BCB9D6F}.Release|Any CPU.ActiveCfg = Release|Any CPU
		{71C19B9E-A73D-4381-B04A-4C530BCB9D6F}.Release|Any CPU.Build.0 = Release|Any CPU
		{71C19B9E-A73D-4381-B04A-4C530BCB9D6F}.Release|Any CPU.Deploy.0 = Release|Any CPU
		{2F771463-A953-4520-AC0E-986009AAD47A}.Debug|Any CPU.ActiveCfg = Debug|Any CPU
		{2F771463-A953-4520-AC0E-986009AAD47A}.Debug|Any CPU.Build.0 = Debug|Any CPU
		{2F771463-A953-4520-AC0E-986009AAD47A}.Release|Any CPU.ActiveCfg = Release|Any CPU
		{2F771463-A953-4520-AC0E-986009AAD47A}.Release|Any CPU.Build.0 = Release|Any CPU
		{1CB8D8C7-5686-4876-9CA4-75C6FB22567D}.Debug|Any CPU.ActiveCfg = Debug|Any CPU
		{1CB8D8C7-5686-4876-9CA4-75C6FB22567D}.Debug|Any CPU.Build.0 = Debug|Any CPU
		{1CB8D8C7-5686-4876-9CA4-75C6FB22567D}.Release|Any CPU.ActiveCfg = Release|Any CPU
		{1CB8D8C7-5686-4876-9CA4-75C6FB22567D}.Release|Any CPU.Build.0 = Release|Any CPU
		{770E7E53-F40D-47A6-AC4E-E3E2330FFD9E}.Debug|Any CPU.ActiveCfg = Debug|Any CPU
		{770E7E53-F40D-47A6-AC4E-E3E2330FFD9E}.Debug|Any CPU.Build.0 = Debug|Any CPU
		{770E7E53-F40D-47A6-AC4E-E3E2330FFD9E}.Release|Any CPU.ActiveCfg = Release|Any CPU
		{770E7E53-F40D-47A6-AC4E-E3E2330FFD9E}.Release|Any CPU.Build.0 = Release|Any CPU
		{741B4B1E-89E4-434C-8867-6129838AFD51}.Debug|Any CPU.ActiveCfg = Debug|Any CPU
		{741B4B1E-89E4-434C-8867-6129838AFD51}.Debug|Any CPU.Build.0 = Debug|Any CPU
		{741B4B1E-89E4-434C-8867-6129838AFD51}.Release|Any CPU.ActiveCfg = Release|Any CPU
		{741B4B1E-89E4-434C-8867-6129838AFD51}.Release|Any CPU.Build.0 = Release|Any CPU
		{1DC4C439-A8A6-4A11-AB3B-A88DCBA05449}.Debug|Any CPU.ActiveCfg = Debug|Any CPU
		{1DC4C439-A8A6-4A11-AB3B-A88DCBA05449}.Debug|Any CPU.Build.0 = Debug|Any CPU
		{1DC4C439-A8A6-4A11-AB3B-A88DCBA05449}.Release|Any CPU.ActiveCfg = Release|Any CPU
		{1DC4C439-A8A6-4A11-AB3B-A88DCBA05449}.Release|Any CPU.Build.0 = Release|Any CPU
		{4B8D3F73-BBD2-4057-B86B-8B73B957DC0F}.Debug|Any CPU.ActiveCfg = Debug|Any CPU
		{4B8D3F73-BBD2-4057-B86B-8B73B957DC0F}.Debug|Any CPU.Build.0 = Debug|Any CPU
		{4B8D3F73-BBD2-4057-B86B-8B73B957DC0F}.Release|Any CPU.ActiveCfg = Release|Any CPU
		{4B8D3F73-BBD2-4057-B86B-8B73B957DC0F}.Release|Any CPU.Build.0 = Release|Any CPU
		{8FB8B257-C091-4C41-B221-75C37B68CD8F}.Debug|Any CPU.ActiveCfg = Debug|Any CPU
		{8FB8B257-C091-4C41-B221-75C37B68CD8F}.Debug|Any CPU.Build.0 = Debug|Any CPU
		{8FB8B257-C091-4C41-B221-75C37B68CD8F}.Release|Any CPU.ActiveCfg = Release|Any CPU
		{8FB8B257-C091-4C41-B221-75C37B68CD8F}.Release|Any CPU.Build.0 = Release|Any CPU
		{90BBD6EF-F386-4F47-88CD-BF386C7D1705}.Debug|Any CPU.ActiveCfg = Debug|Any CPU
		{90BBD6EF-F386-4F47-88CD-BF386C7D1705}.Debug|Any CPU.Build.0 = Debug|Any CPU
		{90BBD6EF-F386-4F47-88CD-BF386C7D1705}.Release|Any CPU.ActiveCfg = Release|Any CPU
		{90BBD6EF-F386-4F47-88CD-BF386C7D1705}.Release|Any CPU.Build.0 = Release|Any CPU
		{3F81F76D-F0F3-44FE-A256-40AF153C33F7}.Debug|Any CPU.ActiveCfg = Debug|Any CPU
		{3F81F76D-F0F3-44FE-A256-40AF153C33F7}.Debug|Any CPU.Build.0 = Debug|Any CPU
		{3F81F76D-F0F3-44FE-A256-40AF153C33F7}.Release|Any CPU.ActiveCfg = Release|Any CPU
		{3F81F76D-F0F3-44FE-A256-40AF153C33F7}.Release|Any CPU.Build.0 = Release|Any CPU
		{6E0E6284-13FF-4DC7-8FC2-B6D756EAF1FD}.Debug|Any CPU.ActiveCfg = Debug|Any CPU
		{6E0E6284-13FF-4DC7-8FC2-B6D756EAF1FD}.Debug|Any CPU.Build.0 = Debug|Any CPU
		{6E0E6284-13FF-4DC7-8FC2-B6D756EAF1FD}.Release|Any CPU.ActiveCfg = Release|Any CPU
		{6E0E6284-13FF-4DC7-8FC2-B6D756EAF1FD}.Release|Any CPU.Build.0 = Release|Any CPU
		{6B3E56F7-C567-463C-9746-0244FD959322}.Debug|Any CPU.ActiveCfg = Debug|Any CPU
		{6B3E56F7-C567-463C-9746-0244FD959322}.Debug|Any CPU.Build.0 = Debug|Any CPU
		{6B3E56F7-C567-463C-9746-0244FD959322}.Release|Any CPU.ActiveCfg = Release|Any CPU
		{6B3E56F7-C567-463C-9746-0244FD959322}.Release|Any CPU.Build.0 = Release|Any CPU
		{7AE82BAB-5F52-427A-8F6F-DA829261FF9C}.Debug|Any CPU.ActiveCfg = Debug|Any CPU
		{7AE82BAB-5F52-427A-8F6F-DA829261FF9C}.Debug|Any CPU.Build.0 = Debug|Any CPU
		{7AE82BAB-5F52-427A-8F6F-DA829261FF9C}.Release|Any CPU.ActiveCfg = Release|Any CPU
		{7AE82BAB-5F52-427A-8F6F-DA829261FF9C}.Release|Any CPU.Build.0 = Release|Any CPU
		{6D0D985D-B256-4208-9E78-77897D461698}.Debug|Any CPU.ActiveCfg = Debug|Any CPU
		{6D0D985D-B256-4208-9E78-77897D461698}.Debug|Any CPU.Build.0 = Debug|Any CPU
		{6D0D985D-B256-4208-9E78-77897D461698}.Release|Any CPU.ActiveCfg = Release|Any CPU
		{6D0D985D-B256-4208-9E78-77897D461698}.Release|Any CPU.Build.0 = Release|Any CPU
		{1842DCFB-0AF5-44AA-B047-ECA648B5DFA3}.Debug|Any CPU.ActiveCfg = Debug|Any CPU
		{1842DCFB-0AF5-44AA-B047-ECA648B5DFA3}.Debug|Any CPU.Build.0 = Debug|Any CPU
		{1842DCFB-0AF5-44AA-B047-ECA648B5DFA3}.Release|Any CPU.ActiveCfg = Release|Any CPU
		{1842DCFB-0AF5-44AA-B047-ECA648B5DFA3}.Release|Any CPU.Build.0 = Release|Any CPU
		{2DF1188D-53CC-403C-9204-A770989D1C59}.Debug|Any CPU.ActiveCfg = Debug|Any CPU
		{2DF1188D-53CC-403C-9204-A770989D1C59}.Debug|Any CPU.Build.0 = Debug|Any CPU
		{2DF1188D-53CC-403C-9204-A770989D1C59}.Release|Any CPU.ActiveCfg = Release|Any CPU
		{2DF1188D-53CC-403C-9204-A770989D1C59}.Release|Any CPU.Build.0 = Release|Any CPU
		{85399824-4729-48A6-8BC6-E50E47F02B3A}.Debug|Any CPU.ActiveCfg = Debug|Any CPU
		{85399824-4729-48A6-8BC6-E50E47F02B3A}.Debug|Any CPU.Build.0 = Debug|Any CPU
		{85399824-4729-48A6-8BC6-E50E47F02B3A}.Release|Any CPU.ActiveCfg = Release|Any CPU
		{85399824-4729-48A6-8BC6-E50E47F02B3A}.Release|Any CPU.Build.0 = Release|Any CPU
		{96F6F947-49CA-4232-94D9-0D7C1F4DB388}.Debug|Any CPU.ActiveCfg = Debug|Any CPU
		{96F6F947-49CA-4232-94D9-0D7C1F4DB388}.Debug|Any CPU.Build.0 = Debug|Any CPU
		{96F6F947-49CA-4232-94D9-0D7C1F4DB388}.Release|Any CPU.ActiveCfg = Release|Any CPU
		{96F6F947-49CA-4232-94D9-0D7C1F4DB388}.Release|Any CPU.Build.0 = Release|Any CPU
	EndGlobalSection
	GlobalSection(SolutionProperties) = preSolution
		HideSolutionNode = FALSE
	EndGlobalSection
	GlobalSection(NestedProjects) = preSolution
		{741B4B1E-89E4-434C-8867-6129838AFD51} = {E58406A8-8BA0-4D8F-8B11-345B9344505C}
		{1DC4C439-A8A6-4A11-AB3B-A88DCBA05449} = {E58406A8-8BA0-4D8F-8B11-345B9344505C}
		{4B8D3F73-BBD2-4057-B86B-8B73B957DC0F} = {E58406A8-8BA0-4D8F-8B11-345B9344505C}
		{8FB8B257-C091-4C41-B221-75C37B68CD8F} = {E58406A8-8BA0-4D8F-8B11-345B9344505C}
		{90BBD6EF-F386-4F47-88CD-BF386C7D1705} = {E58406A8-8BA0-4D8F-8B11-345B9344505C}
		{3F81F76D-F0F3-44FE-A256-40AF153C33F7} = {E58406A8-8BA0-4D8F-8B11-345B9344505C}
		{6E0E6284-13FF-4DC7-8FC2-B6D756EAF1FD} = {E58406A8-8BA0-4D8F-8B11-345B9344505C}
		{6B3E56F7-C567-463C-9746-0244FD959322} = {E58406A8-8BA0-4D8F-8B11-345B9344505C}
		{7AE82BAB-5F52-427A-8F6F-DA829261FF9C} = {E58406A8-8BA0-4D8F-8B11-345B9344505C}
		{6D0D985D-B256-4208-9E78-77897D461698} = {E58406A8-8BA0-4D8F-8B11-345B9344505C}
		{1842DCFB-0AF5-44AA-B047-ECA648B5DFA3} = {13A0146A-166B-4DC5-A78A-ED7901A9EDD1}
		{2DF1188D-53CC-403C-9204-A770989D1C59} = {13A0146A-166B-4DC5-A78A-ED7901A9EDD1}
		{85399824-4729-48A6-8BC6-E50E47F02B3A} = {13A0146A-166B-4DC5-A78A-ED7901A9EDD1}
		{96F6F947-49CA-4232-94D9-0D7C1F4DB388} = {13A0146A-166B-4DC5-A78A-ED7901A9EDD1}
	EndGlobalSection
	GlobalSection(ExtensibilityGlobals) = postSolution
		SolutionGuid = {31DCEAD5-2FC2-4B2C-B9B8-9058D3991A30}
	EndGlobalSection
	GlobalSection(SharedMSBuildProjectFiles) = preSolution
		Benchmarks.Shared\Benchmarks.Shared.projitems*{1cb8d8c7-5686-4876-9ca4-75c6fb22567d}*SharedItemsImports = 5
		Benchmarks.Shared\Benchmarks.Shared.projitems*{2f771463-a953-4520-ac0e-986009aad47a}*SharedItemsImports = 5
		Benchmarks.Shared\Benchmarks.Shared.projitems*{71c19b9e-a73d-4381-b04a-4c530bcb9d6f}*SharedItemsImports = 5
		Benchmarks.Shared\Benchmarks.Shared.projitems*{770e7e53-f40d-47a6-ac4e-e3e2330ffd9e}*SharedItemsImports = 5
		Benchmarks.Shared\Benchmarks.Shared.projitems*{efc61fed-dd64-4887-81ba-8a5604ba8c04}*SharedItemsImports = 13
	EndGlobalSection
EndGlobal
